
Microsoft Visual Studio Solution File, Format Version 12.00
# Visual Studio Version 16
VisualStudioVersion = 16.0.31129.286
MinimumVisualStudioVersion = 10.0.40219.1
Project("{FAE04EC0-301F-11D3-BF4B-00C04F79EFBC}") = "PeregrysMetod", "PeregrysMetod\PeregrysMetod.csproj", "{646C4EB4-284F-49B2-88BE-8A40F06E82F5}"
EndProject
Global
	GlobalSection(SolutionConfigurationPlatforms) = preSolution
		Debug|Any CPU = Debug|Any CPU
		Release|Any CPU = Release|Any CPU
	EndGlobalSection
	GlobalSection(ProjectConfigurationPlatforms) = postSolution
		{646C4EB4-284F-49B2-88BE-8A40F06E82F5}.Debug|Any CPU.ActiveCfg = Debug|Any CPU
		{646C4EB4-284F-49B2-88BE-8A40F06E82F5}.Debug|Any CPU.Build.0 = Debug|Any CPU
		{646C4EB4-284F-49B2-88BE-8A40F06E82F5}.Release|Any CPU.ActiveCfg = Release|Any CPU
		{646C4EB4-284F-49B2-88BE-8A40F06E82F5}.Release|Any CPU.Build.0 = Release|Any CPU
	EndGlobalSection
	GlobalSection(SolutionProperties) = preSolution
		HideSolutionNode = FALSE
	EndGlobalSection
	GlobalSection(ExtensibilityGlobals) = postSolution
		SolutionGuid = {16F362A6-568F-4552-AD9C-526B37F74952}
	EndGlobalSection
EndGlobal
